
Microsoft Visual Studio Solution File, Format Version 12.00
Project("{FAE04EC0-301F-11D3-BF4B-00C04F79EFBC}") = "Clase_ICDIA_Unidad3", "Clase_ICDIA_Unidad3\Clase_ICDIA_Unidad3.csproj", "{E1DFBD27-A988-48C6-B29F-3F6EFAA85944}"
EndProject
Global
	GlobalSection(SolutionConfigurationPlatforms) = preSolution
		Debug|Any CPU = Debug|Any CPU
		Release|Any CPU = Release|Any CPU
	EndGlobalSection
	GlobalSection(ProjectConfigurationPlatforms) = postSolution
		{E1DFBD27-A988-48C6-B29F-3F6EFAA85944}.Debug|Any CPU.ActiveCfg = Debug|Any CPU
		{E1DFBD27-A988-48C6-B29F-3F6EFAA85944}.Debug|Any CPU.Build.0 = Debug|Any CPU
		{E1DFBD27-A988-48C6-B29F-3F6EFAA85944}.Release|Any CPU.ActiveCfg = Release|Any CPU
		{E1DFBD27-A988-48C6-B29F-3F6EFAA85944}.Release|Any CPU.Build.0 = Release|Any CPU
	EndGlobalSection
EndGlobal
